// !$*UTF8*$!
{
	archiveVersion = 1;
	classes = {
	};
	objectVersion = 46;
	objects = {

/* Begin PBXBuildFile section */
		38E950731E94C63D0058C738 /* main.cpp in Sources */ = {isa = PBXBuildFile; fileRef = 38E950721E94C63D0058C738 /* main.cpp */; };
		38E9507B1E94C9180058C738 /* OpenGL.framework in Frameworks */ = {isa = PBXBuildFile; fileRef = 38E9507A1E94C9180058C738 /* OpenGL.framework */; };
		38E950801E94C9CD0058C738 /* libGLEW.2.0.0.dylib in Frameworks */ = {isa = PBXBuildFile; fileRef = 38E9507E1E94C9CD0058C738 /* libGLEW.2.0.0.dylib */; };
		38E950811E94C9CD0058C738 /* libglfw.3.3.dylib in Frameworks */ = {isa = PBXBuildFile; fileRef = 38E9507F1E94C9CD0058C738 /* libglfw.3.3.dylib */; };
		38E950831E94C9DF0058C738 /* libSOIL.dylib in Frameworks */ = {isa = PBXBuildFile; fileRef = 38E950821E94C9DF0058C738 /* libSOIL.dylib */; };
/* End PBXBuildFile section */

/* Begin PBXCopyFilesBuildPhase section */
		38E9506D1E94C63D0058C738 /* CopyFiles */ = {
			isa = PBXCopyFilesBuildPhase;
			buildActionMask = 2147483647;
			dstPath = /usr/share/man/man1/;
			dstSubfolderSpec = 0;
			files = (
			);
			runOnlyForDeploymentPostprocessing = 1;
		};
/* End PBXCopyFilesBuildPhase section */

/* Begin PBXFileReference section */
		38E9506F1E94C63D0058C738 /* OpenGL_HelloTriangle */ = {isa = PBXFileReference; explicitFileType = "compiled.mach-o.executable"; includeInIndex = 0; path = OpenGL_HelloTriangle; sourceTree = BUILT_PRODUCTS_DIR; };
		38E950721E94C63D0058C738 /* main.cpp */ = {isa = PBXFileReference; lastKnownFileType = sourcecode.cpp.cpp; path = main.cpp; sourceTree = "<group>"; };
		38E9507A1E94C9180058C738 /* OpenGL.framework */ = {isa = PBXFileReference; lastKnownFileType = wrapper.framework; name = OpenGL.framework; path = System/Library/Frameworks/OpenGL.framework; sourceTree = SDKROOT; };
		38E9507C1E94C99F0058C738 /* libSOIL.a */ = {isa = PBXFileReference; lastKnownFileType = archive.ar; name = libSOIL.a; path = ../../../../../../../opt/local/lib/libSOIL.a; sourceTree = "<group>"; };
		38E9507E1E94C9CD0058C738 /* libGLEW.2.0.0.dylib */ = {isa = PBXFileReference; lastKnownFileType = "compiled.mach-o.dylib"; name = libGLEW.2.0.0.dylib; path = ../../../../../../../usr/local/lib/libGLEW.2.0.0.dylib; sourceTree = "<group>"; };
		38E9507F1E94C9CD0058C738 /* libglfw.3.3.dylib */ = {isa = PBXFileReference; lastKnownFileType = "compiled.mach-o.dylib"; name = libglfw.3.3.dylib; path = ../../../../../../../usr/local/lib/libglfw.3.3.dylib; sourceTree = "<group>"; };
		38E950821E94C9DF0058C738 /* libSOIL.dylib */ = {isa = PBXFileReference; lastKnownFileType = "compiled.mach-o.dylib"; name = libSOIL.dylib; path = ../../../../../../../opt/local/lib/libSOIL.dylib; sourceTree = "<group>"; };
		38E950851E97369A0058C738 /* Shader.hpp */ = {isa = PBXFileReference; fileEncoding = 4; lastKnownFileType = sourcecode.cpp.h; path = Shader.hpp; sourceTree = "<group>"; };
		38E950881E973E940058C738 /* default.frag */ = {isa = PBXFileReference; fileEncoding = 4; lastKnownFileType = sourcecode.glsl; name = default.frag; path = shaders/default.frag; sourceTree = "<group>"; };
		38E950891E973E940058C738 /* default.vs */ = {isa = PBXFileReference; fileEncoding = 4; lastKnownFileType = sourcecode.glsl; name = default.vs; path = shaders/default.vs; sourceTree = "<group>"; };
/* End PBXFileReference section */

/* Begin PBXFrameworksBuildPhase section */
		38E9506C1E94C63D0058C738 /* Frameworks */ = {
			isa = PBXFrameworksBuildPhase;
			buildActionMask = 2147483647;
			files = (
				38E950831E94C9DF0058C738 /* libSOIL.dylib in Frameworks */,
				38E950801E94C9CD0058C738 /* libGLEW.2.0.0.dylib in Frameworks */,
				38E950811E94C9CD0058C738 /* libglfw.3.3.dylib in Frameworks */,
				38E9507B1E94C9180058C738 /* OpenGL.framework in Frameworks */,
			);
			runOnlyForDeploymentPostprocessing = 0;
		};
/* End PBXFrameworksBuildPhase section */

/* Begin PBXGroup section */
		38E950661E94C63D0058C738 = {
			isa = PBXGroup;
			children = (
				38E950711E94C63D0058C738 /* OpenGL_HelloTriangle */,
				38E950701E94C63D0058C738 /* Products */,
				38E950791E94C9180058C738 /* Frameworks */,
			);
			sourceTree = "<group>";
		};
		38E950701E94C63D0058C738 /* Products */ = {
			isa = PBXGroup;
			children = (
				38E9506F1E94C63D0058C738 /* OpenGL_HelloTriangle */,
			);
			name = Products;
			sourceTree = "<group>";
		};
		38E950711E94C63D0058C738 /* OpenGL_HelloTriangle */ = {
			isa = PBXGroup;
			children = (
				38E950871E973ACD0058C738 /* shader */,
				38E950721E94C63D0058C738 /* main.cpp */,
				38E950851E97369A0058C738 /* Shader.hpp */,
			);
			path = OpenGL_HelloTriangle;
			sourceTree = "<group>";
		};
		38E950791E94C9180058C738 /* Frameworks */ = {
			isa = PBXGroup;
			children = (
				38E950821E94C9DF0058C738 /* libSOIL.dylib */,
				38E9507E1E94C9CD0058C738 /* libGLEW.2.0.0.dylib */,
				38E9507F1E94C9CD0058C738 /* libglfw.3.3.dylib */,
				38E9507C1E94C99F0058C738 /* libSOIL.a */,
				38E9507A1E94C9180058C738 /* OpenGL.framework */,
			);
			name = Frameworks;
			sourceTree = "<group>";
		};
		38E950871E973ACD0058C738 /* shader */ = {
			isa = PBXGroup;
			children = (
				38E950881E973E940058C738 /* default.frag */,
				38E950891E973E940058C738 /* default.vs */,
			);
			name = shader;
			sourceTree = "<group>";
		};
/* End PBXGroup section */

/* Begin PBXNativeTarget section */
		38E9506E1E94C63D0058C738 /* OpenGL_HelloTriangle */ = {
			isa = PBXNativeTarget;
			buildConfigurationList = 38E950761E94C63D0058C738 /* Build configuration list for PBXNativeTarget "OpenGL_HelloTriangle" */;
			buildPhases = (
				38E9506B1E94C63D0058C738 /* Sources */,
				38E9506C1E94C63D0058C738 /* Frameworks */,
				38E9506D1E94C63D0058C738 /* CopyFiles */,
			);
			buildRules = (
			);
			dependencies = (
			);
			name = OpenGL_HelloTriangle;
			productName = OpenGL_HelloTriangle;
			productReference = 38E9506F1E94C63D0058C738 /* OpenGL_HelloTriangle */;
			productType = "com.apple.product-type.tool";
		};
/* End PBXNativeTarget section */

/* Begin PBXProject section */
		38E950671E94C63D0058C738 /* Project object */ = {
			isa = PBXProject;
			attributes = {
				LastUpgradeCheck = 0830;
				ORGANIZATIONNAME = "高宇飞";
				TargetAttributes = {
					38E9506E1E94C63D0058C738 = {
						CreatedOnToolsVersion = 8.3;
						ProvisioningStyle = Automatic;
					};
				};
			};
			buildConfigurationList = 38E9506A1E94C63D0058C738 /* Build configuration list for PBXProject "OpenGL_HelloTriangle" */;
			compatibilityVersion = "Xcode 3.2";
			developmentRegion = English;
			hasScannedForEncodings = 0;
			knownRegions = (
				en,
			);
			mainGroup = 38E950661E94C63D0058C738;
			productRefGroup = 38E950701E94C63D0058C738 /* Products */;
			projectDirPath = "";
			projectRoot = "";
			targets = (
				38E9506E1E94C63D0058C738 /* OpenGL_HelloTriangle */,
			);
		};
/* End PBXProject section */

/* Begin PBXSourcesBuildPhase section */
		38E9506B1E94C63D0058C738 /* Sources */ = {
			isa = PBXSourcesBuildPhase;
			buildActionMask = 2147483647;
			files = (
				38E950731E94C63D0058C738 /* main.cpp in Sources */,
			);
			runOnlyForDeploymentPostprocessing = 0;
		};
/* End PBXSourcesBuildPhase section */

/* Begin XCBuildConfiguration section */
		38E950741E94C63D0058C738 /* Debug */ = {
			isa = XCBuildConfiguration;
			buildSettings = {
				ALWAYS_SEARCH_USER_PATHS = NO;
				CLANG_ANALYZER_NONNULL = YES;
				CLANG_ANALYZER_NUMBER_OBJECT_CONVERSION = YES_AGGRESSIVE;
				CLANG_CXX_LANGUAGE_STANDARD = "gnu++0x";
				CLANG_CXX_LIBRARY = "libc++";
				CLANG_ENABLE_MODULES = YES;
				CLANG_ENABLE_OBJC_ARC = YES;
				CLANG_WARN_BOOL_CONVERSION = YES;
				CLANG_WARN_CONSTANT_CONVERSION = YES;
				CLANG_WARN_DIRECT_OBJC_ISA_USAGE = YES_ERROR;
				CLANG_WARN_DOCUMENTATION_COMMENTS = YES;
				CLANG_WARN_EMPTY_BODY = YES;
				CLANG_WARN_ENUM_CONVERSION = YES;
				CLANG_WARN_INFINITE_RECURSION = YES;
				CLANG_WARN_INT_CONVERSION = YES;
				CLANG_WARN_OBJC_ROOT_CLASS = YES_ERROR;
				CLANG_WARN_SUSPICIOUS_MOVE = YES;
				CLANG_WARN_UNREACHABLE_CODE = YES;
				CLANG_WARN__DUPLICATE_METHOD_MATCH = YES;
				CODE_SIGN_IDENTITY = "-";
				COPY_PHASE_STRIP = NO;
				DEBUG_INFORMATION_FORMAT = dwarf;
				ENABLE_STRICT_OBJC_MSGSEND = YES;
				ENABLE_TESTABILITY = YES;
				GCC_C_LANGUAGE_STANDARD = gnu99;
				GCC_DYNAMIC_NO_PIC = NO;
				GCC_NO_COMMON_BLOCKS = YES;
				GCC_OPTIMIZATION_LEVEL = 0;
				GCC_PREPROCESSOR_DEFINITIONS = (
					"DEBUG=1",
					"$(inherited)",
				);
				GCC_WARN_64_TO_32_BIT_CONVERSION = YES;
				GCC_WARN_ABOUT_RETURN_TYPE = YES_ERROR;
				GCC_WARN_UNDECLARED_SELECTOR = YES;
				GCC_WARN_UNINITIALIZED_AUTOS = YES_AGGRESSIVE;
				GCC_WARN_UNUSED_FUNCTION = YES;
				GCC_WARN_UNUSED_VARIABLE = YES;
				MACOSX_DEPLOYMENT_TARGET = 10.12;
				MTL_ENABLE_DEBUG_INFO = YES;
				ONLY_ACTIVE_ARCH = YES;
				SDKROOT = macosx;
			};
			name = Debug;
		};
		38E950751E94C63D0058C738 /* Release */ = {
			isa = XCBuildConfiguration;
			buildSettings = {
				ALWAYS_SEARCH_USER_PATHS = NO;
				CLANG_ANALYZER_NONNULL = YES;
				CLANG_ANALYZER_NUMBER_OBJECT_CONVERSION = YES_AGGRESSIVE;
				CLANG_CXX_LANGUAGE_STANDARD = "gnu++0x";
				CLANG_CXX_LIBRARY = "libc++";
				CLANG_ENABLE_MODULES = YES;
				CLANG_ENABLE_OBJC_ARC = YES;
				CLANG_WARN_BOOL_CONVERSION = YES;
				CLANG_WARN_CONSTANT_CONVERSION = YES;
				CLANG_WARN_DIRECT_OBJC_ISA_USAGE = YES_ERROR;
				CLANG_WARN_DOCUMENTATION_COMMENTS = YES;
				CLANG_WARN_EMPTY_BODY = YES;
				CLANG_WARN_ENUM_CONVERSION = YES;
				CLANG_WARN_INFINITE_RECURSION = YES;
				CLANG_WARN_INT_CONVERSION = YES;
				CLANG_WARN_OBJC_ROOT_CLASS = YES_ERROR;
				CLANG_WARN_SUSPICIOUS_MOVE = YES;
				CLANG_WARN_UNREACHABLE_CODE = YES;
				CLANG_WARN__DUPLICATE_METHOD_MATCH = YES;
				CODE_SIGN_IDENTITY = "-";
				COPY_PHASE_STRIP = NO;
				DEBUG_INFORMATION_FORMAT = "dwarf-with-dsym";
				ENABLE_NS_ASSERTIONS = NO;
				ENABLE_STRICT_OBJC_MSGSEND = YES;
				GCC_C_LANGUAGE_STANDARD = gnu99;
				GCC_NO_COMMON_BLOCKS = YES;
				GCC_WARN_64_TO_32_BIT_CONVERSION = YES;
				GCC_WARN_ABOUT_RETURN_TYPE = YES_ERROR;
				GCC_WARN_UNDECLARED_SELECTOR = YES;
				GCC_WARN_UNINITIALIZED_AUTOS = YES_AGGRESSIVE;
				GCC_WARN_UNUSED_FUNCTION = YES;
				GCC_WARN_UNUSED_VARIABLE = YES;
				MACOSX_DEPLOYMENT_TARGET = 10.12;
				MTL_ENABLE_DEBUG_INFO = NO;
				SDKROOT = macosx;
			};
			name = Release;
		};
		38E950771E94C63D0058C738 /* Debug */ = {
			isa = XCBuildConfiguration;
			buildSettings = {
				HEADER_SEARCH_PATHS = (
					/opt/local/include,
					/usr/local/include,
				);
				LIBRARY_SEARCH_PATHS = (
					/opt/local/lib,
					/usr/local/lib,
				);
				PRODUCT_NAME = "$(TARGET_NAME)";
			};
			name = Debug;
		};
		38E950781E94C63D0058C738 /* Release */ = {
			isa = XCBuildConfiguration;
			buildSettings = {
				HEADER_SEARCH_PATHS = (
					/opt/local/include,
					/usr/local/include,
				);
				LIBRARY_SEARCH_PATHS = (
					/opt/local/lib,
					/usr/local/lib,
				);
				PRODUCT_NAME = "$(TARGET_NAME)";
			};
			name = Release;
		};
/* End XCBuildConfiguration section */

/* Begin XCConfigurationList section */
		38E9506A1E94C63D0058C738 /* Build configuration list for PBXProject "OpenGL_HelloTriangle" */ = {
			isa = XCConfigurationList;
			buildConfigurations = (
				38E950741E94C63D0058C738 /* Debug */,
				38E950751E94C63D0058C738 /* Release */,
			);
			defaultConfigurationIsVisible = 0;
			defaultConfigurationName = Release;
		};
		38E950761E94C63D0058C738 /* Build configuration list for PBXNativeTarget "OpenGL_HelloTriangle" */ = {
			isa = XCConfigurationList;
			buildConfigurations = (
				38E950771E94C63D0058C738 /* Debug */,
				38E950781E94C63D0058C738 /* Release */,
			);
			defaultConfigurationIsVisible = 0;
		};
/* End XCConfigurationList section */
	};
	rootObject = 38E950671E94C63D0058C738 /* Project object */;
}
